<?xml version="1.0"?>
<CONFIG>
  <ProjectOptions>
    <Version Value="9"/>
    <General>
      <Flags>
        <AlwaysBuild Value="False"/>
      </Flags>
      <MainUnit Value="0"/>
      <Title Value="view_and_print"/>
      <ResourceType Value="res"/>
      <Icon Value="0"/>
      <ActiveWindowIndexAtStart Value="0"/>
    </General>
    <i18n>
      <EnableI18N LFM="False"/>
    </i18n>
    <VersionInfo>
      <UseVersionInfo Value="True"/>
      <AutoIncrementBuild Value="True"/>
      <Language Value="0419"/>
      <StringTable ProductVersion=""/>
    </VersionInfo>
    <BuildModes Count="1" Active="Default">
      <Item1 Name="Default" Default="True"/>
    </BuildModes>
    <PublishOptions>
      <Version Value="2"/>
      <IncludeFileFilter Value="*.(pas|pp|inc|lfm|lpr|lrs|lpi|lpk|sh|xml)"/>
      <ExcludeFileFilter Value="*.(bak|ppu|o|so);*~;backup"/>
    </PublishOptions>
    <RunParams>
      <local>
        <FormatVersion Value="1"/>
        <LaunchingApplication PathPlusParams="/usr/bin/xterm -T 'Lazarus Run Output' -e $(LazarusDir)/tools/runwait.sh $(TargetCmdLine)"/>
      </local>
    </RunParams>
    <RequiredPackages Count="6">
      <Item1>
        <PackageName Value="SynEdit"/>
        <MinVersion Major="1" Valid="True"/>
      </Item1>
      <Item2>
        <PackageName Value="TurboPowerIPro"/>
        <MinVersion Major="1" Valid="True"/>
      </Item2>
      <Item3>
        <PackageName Value="FCL"/>
        <MinVersion Major="1" Valid="True"/>
      </Item3>
      <Item4>
        <PackageName Value="RunTimeTypeInfoControls"/>
        <MinVersion Minor="1" Valid="True"/>
      </Item4>
      <Item5>
        <PackageName Value="Printer4Lazarus"/>
        <MinVersion Minor="5" Valid="True"/>
      </Item5>
      <Item6>
        <PackageName Value="LCL"/>
      </Item6>
    </RequiredPackages>
    <Units Count="24">
      <Unit0>
        <Filename Value="vap.lpr"/>
        <IsPartOfProject Value="True"/>
        <UnitName Value="vap"/>
        <EditorIndex Value="4"/>
        <WindowIndex Value="0"/>
        <TopLine Value="1"/>
        <CursorPos X="34" Y="13"/>
        <UsageCount Value="200"/>
        <Loaded Value="True"/>
      </Unit0>
      <Unit1>
        <Filename Value="start.pas"/>
        <IsPartOfProject Value="True"/>
        <ComponentName Value="Form1"/>
        <ResourceBaseClass Value="Form"/>
        <UnitName Value="start"/>
        <IsVisibleTab Value="True"/>
        <EditorIndex Value="2"/>
        <WindowIndex Value="0"/>
        <TopLine Value="410"/>
        <CursorPos X="1" Y="429"/>
        <ExtraEditorCount Value="1"/>
        <ExtraEditor1>
          <WindowIndex Value="0"/>
          <TopLine Value="697"/>
          <CursorPos X="19" Y="701"/>
        </ExtraEditor1>
        <UsageCount Value="200"/>
        <Bookmarks Count="1">
          <Item0 X="1" Y="866" ID="0"/>
        </Bookmarks>
        <Loaded Value="True"/>
        <LoadedDesigner Value="True"/>
      </Unit1>
      <Unit2>
        <Filename Value="Ab.pas"/>
        <ComponentName Value="Form2"/>
        <ResourceBaseClass Value="Form"/>
        <UnitName Value="ab"/>
        <WindowIndex Value="0"/>
        <TopLine Value="1"/>
        <CursorPos X="16" Y="10"/>
        <UsageCount Value="203"/>
      </Unit2>
      <Unit3>
        <Filename Value="myprinters.pas"/>
        <UnitName Value="MyPrinters"/>
        <WindowIndex Value="0"/>
        <TopLine Value="13"/>
        <CursorPos X="44" Y="883"/>
        <UsageCount Value="6"/>
      </Unit3>
      <Unit4>
        <Filename Value="/usr/lib/lazarus/0.9.30.4/lcl/include/buttoncontrol.inc"/>
        <WindowIndex Value="0"/>
        <TopLine Value="43"/>
        <CursorPos X="1" Y="62"/>
        <UsageCount Value="4"/>
      </Unit4>
      <Unit5>
        <Filename Value="/usr/lib/lazarus/0.9.30.4/lcl/printers.pas"/>
        <UnitName Value="Printers"/>
        <WindowIndex Value="0"/>
        <TopLine Value="488"/>
        <CursorPos X="1" Y="505"/>
        <UsageCount Value="8"/>
      </Unit5>
      <Unit6>
        <Filename Value="/usr/lib/lazarus/0.9.30.4/components/printers/design/printers4lazide.pas"/>
        <UnitName Value="printers4lazide"/>
        <WindowIndex Value="0"/>
        <TopLine Value="1"/>
        <CursorPos X="1" Y="1"/>
        <UsageCount Value="4"/>
      </Unit6>
      <Unit7>
        <Filename Value="/usr/lib/lazarus/0.9.30.4/components/printers/printersdlgs.pp"/>
        <UnitName Value="PrintersDlgs"/>
        <WindowIndex Value="0"/>
        <TopLine Value="46"/>
        <CursorPos X="55" Y="57"/>
        <UsageCount Value="6"/>
      </Unit7>
      <Unit8>
        <Filename Value="/usr/lib/lazarus/0.9.30.4/lcl/lclrescache.pas"/>
        <UnitName Value="LCLResCache"/>
        <WindowIndex Value="0"/>
        <TopLine Value="347"/>
        <CursorPos X="27" Y="367"/>
        <UsageCount Value="5"/>
      </Unit8>
      <Unit9>
        <Filename Value="easyprint.pas"/>
        <UnitName Value="EasyPrint"/>
        <WindowIndex Value="0"/>
        <TopLine Value="1"/>
        <CursorPos X="39" Y="15"/>
        <UsageCount Value="19"/>
      </Unit9>
      <Unit10>
        <Filename Value="C:/lazarus/lcl/printers.pas"/>
        <UnitName Value="Printers"/>
        <WindowIndex Value="0"/>
        <TopLine Value="30"/>
        <CursorPos X="53" Y="305"/>
        <UsageCount Value="3"/>
      </Unit10>
      <Unit11>
        <Filename Value="opt.pas"/>
        <IsPartOfProject Value="True"/>
        <ComponentName Value="Form3"/>
        <ResourceBaseClass Value="Form"/>
        <UnitName Value="Opt"/>
        <EditorIndex Value="0"/>
        <WindowIndex Value="0"/>
        <TopLine Value="186"/>
        <CursorPos X="1" Y="198"/>
        <UsageCount Value="192"/>
        <Loaded Value="True"/>
        <LoadedDesigner Value="True"/>
      </Unit11>
      <Unit12>
        <Filename Value="C:/lazarus/lcl/include/wincontrol.inc"/>
        <WindowIndex Value="0"/>
        <TopLine Value="3795"/>
        <CursorPos X="12" Y="3804"/>
        <UsageCount Value="1"/>
      </Unit12>
      <Unit13>
        <Filename Value="C:/lazarus/lcl/include/control.inc"/>
        <WindowIndex Value="0"/>
        <TopLine Value="2693"/>
        <CursorPos X="22" Y="2696"/>
        <UsageCount Value="1"/>
      </Unit13>
      <Unit14>
        <Filename Value="inic.pas"/>
        <ComponentName Value="Form4"/>
        <ResourceBaseClass Value="Form"/>
        <UnitName Value="inic"/>
        <WindowIndex Value="0"/>
        <TopLine Value="1"/>
        <CursorPos X="96" Y="20"/>
        <UsageCount Value="29"/>
      </Unit14>
      <Unit15>
        <Filename Value="/usr/lib/lazarus/0.9.30.4/lcl/avglvltree.pas"/>
        <UnitName Value="AvgLvlTree"/>
        <WindowIndex Value="0"/>
        <TopLine Value="1084"/>
        <CursorPos X="1" Y="1103"/>
        <UsageCount Value="4"/>
      </Unit15>
      <Unit16>
        <Filename Value="/usr/lib/lazarus/0.9.30.4/lcl/include/fpimagebitmap.inc"/>
        <WindowIndex Value="0"/>
        <TopLine Value="127"/>
        <CursorPos X="18" Y="128"/>
        <UsageCount Value="5"/>
      </Unit16>
      <Unit17>
        <Filename Value="/usr/lib/lazarus/0.9.30.4/lcl/include/control.inc"/>
        <WindowIndex Value="0"/>
        <TopLine Value="3173"/>
        <CursorPos X="1" Y="3192"/>
        <UsageCount Value="6"/>
      </Unit17>
      <Unit18>
        <Filename Value="httpsend.pas"/>
        <UnitName Value="httpsend"/>
        <WindowIndex Value="0"/>
        <TopLine Value="67"/>
        <CursorPos X="46" Y="84"/>
        <UsageCount Value="16"/>
      </Unit18>
      <Unit19>
        <Filename Value="ask.pas"/>
        <IsPartOfProject Value="True"/>
        <ComponentName Value="Form4"/>
        <ResourceBaseClass Value="Form"/>
        <UnitName Value="ask"/>
        <EditorIndex Value="1"/>
        <WindowIndex Value="0"/>
        <TopLine Value="28"/>
        <CursorPos X="6" Y="60"/>
        <UsageCount Value="71"/>
        <Loaded Value="True"/>
        <LoadedDesigner Value="True"/>
      </Unit19>
      <Unit20>
        <Filename Value="/usr/lib/lazarus/0.9.30.4/lcl/include/customform.inc"/>
        <WindowIndex Value="0"/>
        <TopLine Value="2091"/>
        <CursorPos X="1" Y="2110"/>
        <UsageCount Value="6"/>
      </Unit20>
      <Unit21>
        <Filename Value="/usr/lib/lazarus/0.9.30.4/lcl/lclproc.pas"/>
        <UnitName Value="LCLProc"/>
        <WindowIndex Value="0"/>
        <TopLine Value="1525"/>
        <CursorPos X="1" Y="1544"/>
        <UsageCount Value="6"/>
      </Unit21>
      <Unit22>
        <Filename Value="about.pas"/>
        <IsPartOfProject Value="True"/>
        <ComponentName Value="Form5"/>
        <ResourceBaseClass Value="Form"/>
        <UnitName Value="about"/>
        <EditorIndex Value="3"/>
        <WindowIndex Value="0"/>
        <TopLine Value="1"/>
        <CursorPos X="55" Y="13"/>
        <UsageCount Value="64"/>
        <Loaded Value="True"/>
        <LoadedDesigner Value="True"/>
      </Unit22>
      <Unit23>
        <Filename Value="/usr/lib/lazarus/0.9.30.4/lcl/include/picture.inc"/>
        <WindowIndex Value="0"/>
        <TopLine Value="376"/>
        <CursorPos X="22" Y="395"/>
        <UsageCount Value="8"/>
      </Unit23>
    </Units>
    <JumpHistory Count="30" HistoryIndex="29">
      <Position1>
        <Filename Value="start.pas"/>
        <Caret Line="458" Column="12" TopLine="374"/>
      </Position1>
      <Position2>
        <Filename Value="start.pas"/>
        <Caret Line="457" Column="12" TopLine="420"/>
      </Position2>
      <Position3>
        <Filename Value="start.pas"/>
        <Caret Line="827" Column="58" TopLine="808"/>
      </Position3>
      <Position4>
        <Filename Value="start.pas"/>
        <Caret Line="435" Column="14" TopLine="416"/>
      </Position4>
      <Position5>
        <Filename Value="start.pas"/>
        <Caret Line="811" Column="37" TopLine="798"/>
      </Position5>
      <Position6>
        <Filename Value="start.pas"/>
        <Caret Line="815" Column="19" TopLine="800"/>
      </Position6>
      <Position7>
        <Filename Value="vap.lpr"/>
        <Caret Line="26" Column="5" TopLine="1"/>
      </Position7>
      <Position8>
        <Filename Value="vap.lpr"/>
        <Caret Line="20" Column="49" TopLine="1"/>
      </Position8>
      <Position9>
        <Filename Value="vap.lpr"/>
        <Caret Line="22" Column="47" TopLine="1"/>
      </Position9>
      <Position10>
        <Filename Value="vap.lpr"/>
        <Caret Line="17" Column="35" TopLine="1"/>
      </Position10>
      <Position11>
        <Filename Value="vap.lpr"/>
        <Caret Line="13" Column="56" TopLine="1"/>
      </Position11>
      <Position12>
        <Filename Value="vap.lpr"/>
        <Caret Line="1" Column="1" TopLine="1"/>
      </Position12>
      <Position13>
        <Filename Value="vap.lpr"/>
        <Caret Line="26" Column="59" TopLine="1"/>
      </Position13>
      <Position14>
        <Filename Value="vap.lpr"/>
        <Caret Line="1" Column="1" TopLine="1"/>
      </Position14>
      <Position15>
        <Filename Value="start.pas"/>
        <Caret Line="427" Column="1" TopLine="415"/>
      </Position15>
      <Position16>
        <Filename Value="start.pas"/>
        <Caret Line="417" Column="25" TopLine="376"/>
      </Position16>
      <Position17>
        <Filename Value="start.pas"/>
        <Caret Line="406" Column="102" TopLine="375"/>
      </Position17>
      <Position18>
        <Filename Value="start.pas"/>
        <Caret Line="384" Column="5" TopLine="383"/>
      </Position18>
      <Position19>
        <Filename Value="start.pas"/>
        <Caret Line="383" Column="3" TopLine="366"/>
      </Position19>
      <Position20>
        <Filename Value="start.pas"/>
        <Caret Line="386" Column="10" TopLine="378"/>
      </Position20>
      <Position21>
        <Filename Value="start.pas"/>
        <Caret Line="461" Column="57" TopLine="491"/>
      </Position21>
      <Position22>
        <Filename Value="start.pas"/>
        <Caret Line="163" Column="25" TopLine="138"/>
      </Position22>
      <Position23>
        <Filename Value="start.pas"/>
        <Caret Line="399" Column="1" TopLine="386"/>
      </Position23>
      <Position24>
        <Filename Value="start.pas"/>
        <Caret Line="456" Column="32" TopLine="424"/>
      </Position24>
      <Position25>
        <Filename Value="start.pas"/>
        <Caret Line="820" Column="6" TopLine="798"/>
      </Position25>
      <Position26>
        <Filename Value="start.pas"/>
        <Caret Line="455" Column="90" TopLine="391"/>
      </Position26>
      <Position27>
        <Filename Value="start.pas"/>
        <Caret Line="236" Column="1" TopLine="212"/>
      </Position27>
      <Position28>
        <Filename Value="start.pas"/>
        <Caret Line="400" Column="1" TopLine="381"/>
      </Position28>
      <Position29>
        <Filename Value="start.pas"/>
        <Caret Line="426" Column="1" TopLine="407"/>
      </Position29>
      <Position30>
        <Filename Value="start.pas"/>
        <Caret Line="457" Column="14" TopLine="436"/>
      </Position30>
    </JumpHistory>
  </ProjectOptions>
  <CompilerOptions>
    <Version Value="9"/>
    <Target>
      <Filename Value="vap"/>
    </Target>
    <SearchPaths>
      <IncludeFiles Value="$(ProjOutDir)"/>
      <UnitOutputDirectory Value="lib/$(TargetCPU)-$(TargetOS)"/>
    </SearchPaths>
    <CodeGeneration>
      <SmartLinkUnit Value="True"/>
      <Optimizations>
        <OptimizationLevel Value="3"/>
      </Optimizations>
    </CodeGeneration>
    <Linking>
      <Debugging>
        <GenerateDebugInfo Value="True"/>
        <UseLineInfoUnit Value="False"/>
        <StripSymbols Value="True"/>
        <UseExternalDbgSyms Value="True"/>
      </Debugging>
      <LinkSmart Value="True"/>
      <Options>
        <Win32>
          <GraphicApplication Value="True"/>
        </Win32>
      </Options>
    </Linking>
    <Other>
      <CompilerMessages>
        <UseMsgFile Value="True"/>
      </CompilerMessages>
      <CompilerPath Value="$(CompPath)"/>
    </Other>
  </CompilerOptions>
  <Debugging>
    <BreakPoints Count="1">
      <Item1>
        <Source Value="ab.lfm"/>
        <Line Value="1"/>
      </Item1>
    </BreakPoints>
    <Exceptions Count="3">
      <Item1>
        <Name Value="EAbort"/>
      </Item1>
      <Item2>
        <Name Value="ECodetoolError"/>
      </Item2>
      <Item3>
        <Name Value="EFOpenError"/>
      </Item3>
    </Exceptions>
  </Debugging>
</CONFIG>
