<?xml version="1.0"?>
<CONFIG>
  <ProjectOptions>
    <Version Value="9"/>
    <General>
      <Flags>
        <AlwaysBuild Value="False"/>
      </Flags>
      <MainUnit Value="0"/>
      <Title Value="view_and_print"/>
      <ResourceType Value="res"/>
      <UseXPManifest Value="True"/>
      <Icon Value="0"/>
      <ActiveWindowIndexAtStart Value="0"/>
    </General>
    <i18n>
      <EnableI18N LFM="False"/>
    </i18n>
    <VersionInfo>
      <UseVersionInfo Value="True"/>
      <AutoIncrementBuild Value="True"/>
      <Language Value="0419"/>
      <StringTable ProductVersion=""/>
    </VersionInfo>
    <BuildModes Count="1" Active="Default">
      <Item1 Name="Default" Default="True"/>
    </BuildModes>
    <PublishOptions>
      <Version Value="2"/>
      <IncludeFileFilter Value="*.(pas|pp|inc|lfm|lpr|lrs|lpi|lpk|sh|xml)"/>
      <ExcludeFileFilter Value="*.(bak|ppu|o|so);*~;backup"/>
    </PublishOptions>
    <RunParams>
      <local>
        <FormatVersion Value="1"/>
        <LaunchingApplication PathPlusParams="/usr/bin/xterm -T 'Lazarus Run Output' -e $(LazarusDir)/tools/runwait.sh $(TargetCmdLine)"/>
      </local>
    </RunParams>
    <RequiredPackages Count="2">
      <Item1>
        <PackageName Value="Printer4Lazarus"/>
        <MinVersion Minor="5" Valid="True"/>
      </Item1>
      <Item2>
        <PackageName Value="LCL"/>
      </Item2>
    </RequiredPackages>
    <Units Count="14">
      <Unit0>
        <Filename Value="vap.lpr"/>
        <IsPartOfProject Value="True"/>
        <UnitName Value="vap"/>
        <WindowIndex Value="0"/>
        <TopLine Value="1"/>
        <CursorPos X="35" Y="16"/>
        <UsageCount Value="200"/>
      </Unit0>
      <Unit1>
        <Filename Value="start.pas"/>
        <IsPartOfProject Value="True"/>
        <ComponentName Value="Form1"/>
        <ResourceBaseClass Value="Form"/>
        <UnitName Value="start"/>
        <IsVisibleTab Value="True"/>
        <EditorIndex Value="1"/>
        <WindowIndex Value="0"/>
        <TopLine Value="1579"/>
        <CursorPos X="17" Y="1582"/>
        <ExtraEditorCount Value="1"/>
        <ExtraEditor1>
          <WindowIndex Value="0"/>
          <TopLine Value="697"/>
          <CursorPos X="19" Y="701"/>
        </ExtraEditor1>
        <UsageCount Value="200"/>
        <Loaded Value="True"/>
        <LoadedDesigner Value="True"/>
      </Unit1>
      <Unit2>
        <Filename Value="Ab.pas"/>
        <IsPartOfProject Value="True"/>
        <ComponentName Value="Form2"/>
        <ResourceBaseClass Value="Form"/>
        <UnitName Value="ab"/>
        <EditorIndex Value="2"/>
        <WindowIndex Value="0"/>
        <TopLine Value="1"/>
        <CursorPos X="16" Y="10"/>
        <UsageCount Value="192"/>
        <Loaded Value="True"/>
      </Unit2>
      <Unit3>
        <Filename Value="myprinters.pas"/>
        <UnitName Value="MyPrinters"/>
        <WindowIndex Value="0"/>
        <TopLine Value="13"/>
        <CursorPos X="44" Y="883"/>
        <UsageCount Value="4"/>
      </Unit3>
      <Unit4>
        <Filename Value="/usr/lib/lazarus/0.9.30.4/lcl/include/buttoncontrol.inc"/>
        <WindowIndex Value="0"/>
        <TopLine Value="43"/>
        <CursorPos X="1" Y="62"/>
        <UsageCount Value="2"/>
      </Unit4>
      <Unit5>
        <Filename Value="/usr/lib/lazarus/0.9.30.4/lcl/printers.pas"/>
        <UnitName Value="Printers"/>
        <WindowIndex Value="0"/>
        <TopLine Value="939"/>
        <CursorPos X="24" Y="963"/>
        <UsageCount Value="3"/>
      </Unit5>
      <Unit6>
        <Filename Value="/usr/lib/lazarus/0.9.30.4/components/printers/design/printers4lazide.pas"/>
        <UnitName Value="printers4lazide"/>
        <WindowIndex Value="0"/>
        <TopLine Value="1"/>
        <CursorPos X="1" Y="1"/>
        <UsageCount Value="2"/>
      </Unit6>
      <Unit7>
        <Filename Value="/usr/lib/lazarus/0.9.30.4/components/printers/printersdlgs.pp"/>
        <UnitName Value="PrintersDlgs"/>
        <WindowIndex Value="0"/>
        <TopLine Value="46"/>
        <CursorPos X="55" Y="57"/>
        <UsageCount Value="4"/>
      </Unit7>
      <Unit8>
        <Filename Value="/usr/lib/lazarus/0.9.30.4/lcl/lclrescache.pas"/>
        <UnitName Value="LCLResCache"/>
        <WindowIndex Value="0"/>
        <TopLine Value="347"/>
        <CursorPos X="27" Y="367"/>
        <UsageCount Value="3"/>
      </Unit8>
      <Unit9>
        <Filename Value="easyprint.pas"/>
        <UnitName Value="EasyPrint"/>
        <WindowIndex Value="0"/>
        <TopLine Value="1"/>
        <CursorPos X="39" Y="15"/>
        <UsageCount Value="27"/>
      </Unit9>
      <Unit10>
        <Filename Value="C:/lazarus/lcl/printers.pas"/>
        <UnitName Value="Printers"/>
        <WindowIndex Value="0"/>
        <TopLine Value="30"/>
        <CursorPos X="53" Y="305"/>
        <UsageCount Value="11"/>
      </Unit10>
      <Unit11>
        <Filename Value="opt.pas"/>
        <IsPartOfProject Value="True"/>
        <ComponentName Value="Form3"/>
        <ResourceBaseClass Value="Form"/>
        <UnitName Value="Opt"/>
        <EditorIndex Value="0"/>
        <WindowIndex Value="0"/>
        <TopLine Value="142"/>
        <CursorPos X="36" Y="67"/>
        <UsageCount Value="58"/>
        <Loaded Value="True"/>
        <LoadedDesigner Value="True"/>
      </Unit11>
      <Unit12>
        <Filename Value="C:/lazarus/lcl/include/wincontrol.inc"/>
        <WindowIndex Value="0"/>
        <TopLine Value="3795"/>
        <CursorPos X="12" Y="3804"/>
        <UsageCount Value="9"/>
      </Unit12>
      <Unit13>
        <Filename Value="C:/lazarus/lcl/include/control.inc"/>
        <WindowIndex Value="0"/>
        <TopLine Value="2693"/>
        <CursorPos X="22" Y="2696"/>
        <UsageCount Value="9"/>
      </Unit13>
    </Units>
    <JumpHistory Count="30" HistoryIndex="29">
      <Position1>
        <Filename Value="start.pas"/>
        <Caret Line="342" Column="10" TopLine="316"/>
      </Position1>
      <Position2>
        <Filename Value="start.pas"/>
        <Caret Line="331" Column="43" TopLine="316"/>
      </Position2>
      <Position3>
        <Filename Value="start.pas"/>
        <Caret Line="343" Column="45" TopLine="316"/>
      </Position3>
      <Position4>
        <Filename Value="start.pas"/>
        <Caret Line="329" Column="3" TopLine="316"/>
      </Position4>
      <Position5>
        <Filename Value="start.pas"/>
        <Caret Line="276" Column="43" TopLine="254"/>
      </Position5>
      <Position6>
        <Filename Value="start.pas"/>
        <Caret Line="277" Column="43" TopLine="255"/>
      </Position6>
      <Position7>
        <Filename Value="start.pas"/>
        <Caret Line="226" Column="98" TopLine="220"/>
      </Position7>
      <Position8>
        <Filename Value="start.pas"/>
        <Caret Line="707" Column="50" TopLine="699"/>
      </Position8>
      <Position9>
        <Filename Value="start.pas"/>
        <Caret Line="706" Column="50" TopLine="698"/>
      </Position9>
      <Position10>
        <Filename Value="start.pas"/>
        <Caret Line="705" Column="50" TopLine="697"/>
      </Position10>
      <Position11>
        <Filename Value="start.pas"/>
        <Caret Line="706" Column="50" TopLine="698"/>
      </Position11>
      <Position12>
        <Filename Value="opt.pas"/>
        <Caret Line="9" Column="40" TopLine="1"/>
      </Position12>
      <Position13>
        <Filename Value="opt.pas"/>
        <Caret Line="94" Column="111" TopLine="76"/>
      </Position13>
      <Position14>
        <Filename Value="start.pas"/>
        <Caret Line="337" Column="37" TopLine="295"/>
      </Position14>
      <Position15>
        <Filename Value="start.pas"/>
        <Caret Line="414" Column="14" TopLine="381"/>
      </Position15>
      <Position16>
        <Filename Value="start.pas"/>
        <Caret Line="283" Column="14" TopLine="255"/>
      </Position16>
      <Position17>
        <Filename Value="start.pas"/>
        <Caret Line="319" Column="21" TopLine="301"/>
      </Position17>
      <Position18>
        <Filename Value="start.pas"/>
        <Caret Line="308" Column="64" TopLine="301"/>
      </Position18>
      <Position19>
        <Filename Value="start.pas"/>
        <Caret Line="316" Column="12" TopLine="290"/>
      </Position19>
      <Position20>
        <Filename Value="start.pas"/>
        <Caret Line="489" Column="63" TopLine="193"/>
      </Position20>
      <Position21>
        <Filename Value="start.pas"/>
        <Caret Line="303" Column="5" TopLine="290"/>
      </Position21>
      <Position22>
        <Filename Value="start.pas"/>
        <Caret Line="323" Column="24" TopLine="270"/>
      </Position22>
      <Position23>
        <Filename Value="opt.pas"/>
        <Caret Line="94" Column="30" TopLine="77"/>
      </Position23>
      <Position24>
        <Filename Value="start.pas"/>
        <Caret Line="1467" Column="9" TopLine="1449"/>
      </Position24>
      <Position25>
        <Filename Value="start.pas"/>
        <Caret Line="288" Column="45" TopLine="260"/>
      </Position25>
      <Position26>
        <Filename Value="start.pas"/>
        <Caret Line="287" Column="33" TopLine="266"/>
      </Position26>
      <Position27>
        <Filename Value="start.pas"/>
        <Caret Line="469" Column="1" TopLine="464"/>
      </Position27>
      <Position28>
        <Filename Value="opt.pas"/>
        <Caret Line="177" Column="14" TopLine="155"/>
      </Position28>
      <Position29>
        <Filename Value="opt.pas"/>
        <Caret Line="176" Column="14" TopLine="154"/>
      </Position29>
      <Position30>
        <Filename Value="opt.pas"/>
        <Caret Line="231" Column="43" TopLine="202"/>
      </Position30>
    </JumpHistory>
  </ProjectOptions>
  <CompilerOptions>
    <Version Value="9"/>
    <Target>
      <Filename Value="vap"/>
    </Target>
    <SearchPaths>
      <IncludeFiles Value="$(ProjOutDir)"/>
      <UnitOutputDirectory Value="lib/$(TargetCPU)-$(TargetOS)"/>
    </SearchPaths>
    <CodeGeneration>
      <SmartLinkUnit Value="True"/>
      <Optimizations>
        <OptimizationLevel Value="3"/>
      </Optimizations>
    </CodeGeneration>
    <Linking>
      <Debugging>
        <GenerateDebugInfo Value="True"/>
        <StripSymbols Value="True"/>
        <UseExternalDbgSyms Value="True"/>
      </Debugging>
      <LinkSmart Value="True"/>
      <Options>
        <Win32>
          <GraphicApplication Value="True"/>
        </Win32>
      </Options>
    </Linking>
    <Other>
      <CompilerMessages>
        <UseMsgFile Value="True"/>
      </CompilerMessages>
      <CompilerPath Value="$(CompPath)"/>
    </Other>
  </CompilerOptions>
  <Debugging>
    <BreakPoints Count="1">
      <Item1>
        <Source Value="ab.lfm"/>
        <Line Value="1"/>
      </Item1>
    </BreakPoints>
    <Exceptions Count="3">
      <Item1>
        <Name Value="EAbort"/>
      </Item1>
      <Item2>
        <Name Value="ECodetoolError"/>
      </Item2>
      <Item3>
        <Name Value="EFOpenError"/>
      </Item3>
    </Exceptions>
  </Debugging>
</CONFIG>
