<?xml version="1.0"?>
<CONFIG>
  <ProjectOptions>
    <Version Value="9"/>
    <General>
      <Flags>
        <AlwaysBuild Value="False"/>
      </Flags>
      <MainUnit Value="0"/>
      <Title Value="view_and_print"/>
      <ResourceType Value="res"/>
      <UseXPManifest Value="True"/>
      <Icon Value="0"/>
      <ActiveWindowIndexAtStart Value="0"/>
    </General>
    <i18n>
      <EnableI18N LFM="False"/>
    </i18n>
    <VersionInfo>
      <UseVersionInfo Value="True"/>
      <AutoIncrementBuild Value="True"/>
      <Language Value="0419"/>
      <StringTable ProductVersion=""/>
    </VersionInfo>
    <BuildModes Count="1" Active="Default">
      <Item1 Name="Default" Default="True"/>
    </BuildModes>
    <PublishOptions>
      <Version Value="2"/>
      <IncludeFileFilter Value="*.(pas|pp|inc|lfm|lpr|lrs|lpi|lpk|sh|xml)"/>
      <ExcludeFileFilter Value="*.(bak|ppu|o|so);*~;backup"/>
    </PublishOptions>
    <RunParams>
      <local>
        <FormatVersion Value="1"/>
        <LaunchingApplication PathPlusParams="/usr/bin/xterm -T 'Lazarus Run Output' -e $(LazarusDir)/tools/runwait.sh $(TargetCmdLine)"/>
      </local>
    </RunParams>
    <RequiredPackages Count="6">
      <Item1>
        <PackageName Value="SynEdit"/>
        <MinVersion Major="1" Valid="True"/>
      </Item1>
      <Item2>
        <PackageName Value="TurboPowerIPro"/>
        <MinVersion Major="1" Valid="True"/>
      </Item2>
      <Item3>
        <PackageName Value="FCL"/>
        <MinVersion Major="1" Valid="True"/>
      </Item3>
      <Item4>
        <PackageName Value="RunTimeTypeInfoControls"/>
        <MinVersion Minor="1" Valid="True"/>
      </Item4>
      <Item5>
        <PackageName Value="Printer4Lazarus"/>
        <MinVersion Minor="5" Valid="True"/>
      </Item5>
      <Item6>
        <PackageName Value="LCL"/>
      </Item6>
    </RequiredPackages>
    <Units Count="22">
      <Unit0>
        <Filename Value="vap.lpr"/>
        <IsPartOfProject Value="True"/>
        <UnitName Value="vap"/>
        <EditorIndex Value="3"/>
        <WindowIndex Value="0"/>
        <TopLine Value="1"/>
        <CursorPos X="5" Y="26"/>
        <UsageCount Value="200"/>
        <Loaded Value="True"/>
      </Unit0>
      <Unit1>
        <Filename Value="start.pas"/>
        <IsPartOfProject Value="True"/>
        <ComponentName Value="Form1"/>
        <ResourceBaseClass Value="Form"/>
        <UnitName Value="start"/>
        <EditorIndex Value="2"/>
        <WindowIndex Value="0"/>
        <TopLine Value="224"/>
        <CursorPos X="64" Y="249"/>
        <ExtraEditorCount Value="1"/>
        <ExtraEditor1>
          <WindowIndex Value="0"/>
          <TopLine Value="697"/>
          <CursorPos X="19" Y="701"/>
        </ExtraEditor1>
        <UsageCount Value="200"/>
        <Loaded Value="True"/>
        <LoadedDesigner Value="True"/>
      </Unit1>
      <Unit2>
        <Filename Value="Ab.pas"/>
        <IsPartOfProject Value="True"/>
        <ComponentName Value="Form2"/>
        <ResourceBaseClass Value="Form"/>
        <UnitName Value="ab"/>
        <EditorIndex Value="4"/>
        <WindowIndex Value="0"/>
        <TopLine Value="1"/>
        <CursorPos X="16" Y="10"/>
        <UsageCount Value="206"/>
        <Loaded Value="True"/>
      </Unit2>
      <Unit3>
        <Filename Value="myprinters.pas"/>
        <UnitName Value="MyPrinters"/>
        <WindowIndex Value="0"/>
        <TopLine Value="13"/>
        <CursorPos X="44" Y="883"/>
        <UsageCount Value="10"/>
      </Unit3>
      <Unit4>
        <Filename Value="/usr/lib/lazarus/0.9.30.4/lcl/include/buttoncontrol.inc"/>
        <WindowIndex Value="0"/>
        <TopLine Value="43"/>
        <CursorPos X="1" Y="62"/>
        <UsageCount Value="8"/>
      </Unit4>
      <Unit5>
        <Filename Value="/usr/lib/lazarus/0.9.30.4/lcl/printers.pas"/>
        <UnitName Value="Printers"/>
        <WindowIndex Value="0"/>
        <TopLine Value="488"/>
        <CursorPos X="28" Y="500"/>
        <UsageCount Value="11"/>
      </Unit5>
      <Unit6>
        <Filename Value="/usr/lib/lazarus/0.9.30.4/components/printers/design/printers4lazide.pas"/>
        <UnitName Value="printers4lazide"/>
        <WindowIndex Value="0"/>
        <TopLine Value="1"/>
        <CursorPos X="1" Y="1"/>
        <UsageCount Value="8"/>
      </Unit6>
      <Unit7>
        <Filename Value="/usr/lib/lazarus/0.9.30.4/components/printers/printersdlgs.pp"/>
        <UnitName Value="PrintersDlgs"/>
        <WindowIndex Value="0"/>
        <TopLine Value="46"/>
        <CursorPos X="55" Y="57"/>
        <UsageCount Value="10"/>
      </Unit7>
      <Unit8>
        <Filename Value="/usr/lib/lazarus/0.9.30.4/lcl/lclrescache.pas"/>
        <UnitName Value="LCLResCache"/>
        <WindowIndex Value="0"/>
        <TopLine Value="347"/>
        <CursorPos X="27" Y="367"/>
        <UsageCount Value="9"/>
      </Unit8>
      <Unit9>
        <Filename Value="easyprint.pas"/>
        <UnitName Value="EasyPrint"/>
        <WindowIndex Value="0"/>
        <TopLine Value="1"/>
        <CursorPos X="39" Y="15"/>
        <UsageCount Value="23"/>
      </Unit9>
      <Unit10>
        <Filename Value="C:/lazarus/lcl/printers.pas"/>
        <UnitName Value="Printers"/>
        <WindowIndex Value="0"/>
        <TopLine Value="30"/>
        <CursorPos X="53" Y="305"/>
        <UsageCount Value="7"/>
      </Unit10>
      <Unit11>
        <Filename Value="opt.pas"/>
        <IsPartOfProject Value="True"/>
        <ComponentName Value="Form3"/>
        <ResourceBaseClass Value="Form"/>
        <UnitName Value="Opt"/>
        <IsVisibleTab Value="True"/>
        <EditorIndex Value="0"/>
        <WindowIndex Value="0"/>
        <TopLine Value="83"/>
        <CursorPos X="32" Y="103"/>
        <UsageCount Value="143"/>
        <Loaded Value="True"/>
        <LoadedDesigner Value="True"/>
      </Unit11>
      <Unit12>
        <Filename Value="C:/lazarus/lcl/include/wincontrol.inc"/>
        <WindowIndex Value="0"/>
        <TopLine Value="3795"/>
        <CursorPos X="12" Y="3804"/>
        <UsageCount Value="5"/>
      </Unit12>
      <Unit13>
        <Filename Value="C:/lazarus/lcl/include/control.inc"/>
        <WindowIndex Value="0"/>
        <TopLine Value="2693"/>
        <CursorPos X="22" Y="2696"/>
        <UsageCount Value="5"/>
      </Unit13>
      <Unit14>
        <Filename Value="inic.pas"/>
        <ComponentName Value="Form4"/>
        <ResourceBaseClass Value="Form"/>
        <UnitName Value="inic"/>
        <WindowIndex Value="0"/>
        <TopLine Value="1"/>
        <CursorPos X="96" Y="20"/>
        <UsageCount Value="33"/>
      </Unit14>
      <Unit15>
        <Filename Value="/usr/lib/lazarus/0.9.30.4/lcl/avglvltree.pas"/>
        <UnitName Value="AvgLvlTree"/>
        <WindowIndex Value="0"/>
        <TopLine Value="1084"/>
        <CursorPos X="1" Y="1103"/>
        <UsageCount Value="8"/>
      </Unit15>
      <Unit16>
        <Filename Value="/usr/lib/lazarus/0.9.30.4/lcl/include/fpimagebitmap.inc"/>
        <WindowIndex Value="0"/>
        <TopLine Value="127"/>
        <CursorPos X="18" Y="128"/>
        <UsageCount Value="9"/>
      </Unit16>
      <Unit17>
        <Filename Value="/usr/lib/lazarus/0.9.30.4/lcl/include/control.inc"/>
        <WindowIndex Value="0"/>
        <TopLine Value="3173"/>
        <CursorPos X="1" Y="3192"/>
        <UsageCount Value="10"/>
      </Unit17>
      <Unit18>
        <Filename Value="httpsend.pas"/>
        <UnitName Value="httpsend"/>
        <WindowIndex Value="0"/>
        <TopLine Value="67"/>
        <CursorPos X="46" Y="84"/>
        <UsageCount Value="20"/>
      </Unit18>
      <Unit19>
        <Filename Value="ask.pas"/>
        <IsPartOfProject Value="True"/>
        <ComponentName Value="Form4"/>
        <ResourceBaseClass Value="Form"/>
        <UnitName Value="ask"/>
        <EditorIndex Value="1"/>
        <WindowIndex Value="0"/>
        <TopLine Value="29"/>
        <CursorPos X="51" Y="61"/>
        <UsageCount Value="22"/>
        <Loaded Value="True"/>
        <LoadedDesigner Value="True"/>
      </Unit19>
      <Unit20>
        <Filename Value="/usr/lib/lazarus/0.9.30.4/lcl/include/customform.inc"/>
        <WindowIndex Value="0"/>
        <TopLine Value="2091"/>
        <CursorPos X="1" Y="2110"/>
        <UsageCount Value="10"/>
      </Unit20>
      <Unit21>
        <Filename Value="/usr/lib/lazarus/0.9.30.4/lcl/lclproc.pas"/>
        <UnitName Value="LCLProc"/>
        <WindowIndex Value="0"/>
        <TopLine Value="1525"/>
        <CursorPos X="1" Y="1544"/>
        <UsageCount Value="10"/>
      </Unit21>
    </Units>
    <JumpHistory Count="29" HistoryIndex="28">
      <Position1>
        <Filename Value="ask.pas"/>
        <Caret Line="1" Column="9" TopLine="1"/>
      </Position1>
      <Position2>
        <Filename Value="ask.pas"/>
        <Caret Line="32" Column="1" TopLine="1"/>
      </Position2>
      <Position3>
        <Filename Value="ask.pas"/>
        <Caret Line="33" Column="1" TopLine="1"/>
      </Position3>
      <Position4>
        <Filename Value="ask.pas"/>
        <Caret Line="35" Column="1" TopLine="1"/>
      </Position4>
      <Position5>
        <Filename Value="opt.pas"/>
        <Caret Line="115" Column="1" TopLine="89"/>
      </Position5>
      <Position6>
        <Filename Value="ask.pas"/>
        <Caret Line="42" Column="38" TopLine="8"/>
      </Position6>
      <Position7>
        <Filename Value="ask.pas"/>
        <Caret Line="12" Column="27" TopLine="10"/>
      </Position7>
      <Position8>
        <Filename Value="ask.pas"/>
        <Caret Line="41" Column="5" TopLine="10"/>
      </Position8>
      <Position9>
        <Filename Value="opt.pas"/>
        <Caret Line="114" Column="40" TopLine="84"/>
      </Position9>
      <Position10>
        <Filename Value="ask.pas"/>
        <Caret Line="40" Column="3" TopLine="10"/>
      </Position10>
      <Position11>
        <Filename Value="ask.pas"/>
        <Caret Line="42" Column="5" TopLine="10"/>
      </Position11>
      <Position12>
        <Filename Value="start.pas"/>
        <Caret Line="414" Column="11" TopLine="220"/>
      </Position12>
      <Position13>
        <Filename Value="ask.pas"/>
        <Caret Line="42" Column="5" TopLine="10"/>
      </Position13>
      <Position14>
        <Filename Value="opt.pas"/>
        <Caret Line="111" Column="23" TopLine="95"/>
      </Position14>
      <Position15>
        <Filename Value="ask.pas"/>
        <Caret Line="40" Column="3" TopLine="10"/>
      </Position15>
      <Position16>
        <Filename Value="opt.pas"/>
        <Caret Line="122" Column="24" TopLine="95"/>
      </Position16>
      <Position17>
        <Filename Value="opt.pas"/>
        <Caret Line="107" Column="58" TopLine="95"/>
      </Position17>
      <Position18>
        <Filename Value="opt.pas"/>
        <Caret Line="121" Column="22" TopLine="95"/>
      </Position18>
      <Position19>
        <Filename Value="ask.pas"/>
        <Caret Line="40" Column="3" TopLine="9"/>
      </Position19>
      <Position20>
        <Filename Value="ask.pas"/>
        <Caret Line="41" Column="3" TopLine="9"/>
      </Position20>
      <Position21>
        <Filename Value="opt.pas"/>
        <Caret Line="115" Column="61" TopLine="95"/>
      </Position21>
      <Position22>
        <Filename Value="ask.pas"/>
        <Caret Line="41" Column="3" TopLine="9"/>
      </Position22>
      <Position23>
        <Filename Value="opt.pas"/>
        <Caret Line="119" Column="39" TopLine="100"/>
      </Position23>
      <Position24>
        <Filename Value="start.pas"/>
        <Caret Line="414" Column="11" TopLine="414"/>
      </Position24>
      <Position25>
        <Filename Value="ask.pas"/>
        <Caret Line="43" Column="38" TopLine="16"/>
      </Position25>
      <Position26>
        <Filename Value="ask.pas"/>
        <Caret Line="54" Column="42" TopLine="23"/>
      </Position26>
      <Position27>
        <Filename Value="opt.pas"/>
        <Caret Line="179" Column="1" TopLine="145"/>
      </Position27>
      <Position28>
        <Filename Value="ask.pas"/>
        <Caret Line="60" Column="32" TopLine="29"/>
      </Position28>
      <Position29>
        <Filename Value="opt.pas"/>
        <Caret Line="180" Column="1" TopLine="146"/>
      </Position29>
    </JumpHistory>
  </ProjectOptions>
  <CompilerOptions>
    <Version Value="9"/>
    <Target>
      <Filename Value="vap"/>
    </Target>
    <SearchPaths>
      <IncludeFiles Value="$(ProjOutDir)"/>
      <UnitOutputDirectory Value="lib/$(TargetCPU)-$(TargetOS)"/>
    </SearchPaths>
    <CodeGeneration>
      <SmartLinkUnit Value="True"/>
      <Optimizations>
        <OptimizationLevel Value="3"/>
      </Optimizations>
    </CodeGeneration>
    <Linking>
      <Debugging>
        <GenerateDebugInfo Value="True"/>
        <UseLineInfoUnit Value="False"/>
        <StripSymbols Value="True"/>
        <UseExternalDbgSyms Value="True"/>
      </Debugging>
      <LinkSmart Value="True"/>
      <Options>
        <Win32>
          <GraphicApplication Value="True"/>
        </Win32>
      </Options>
    </Linking>
    <Other>
      <CompilerMessages>
        <UseMsgFile Value="True"/>
      </CompilerMessages>
      <CompilerPath Value="$(CompPath)"/>
    </Other>
  </CompilerOptions>
  <Debugging>
    <BreakPoints Count="1">
      <Item1>
        <Source Value="ab.lfm"/>
        <Line Value="1"/>
      </Item1>
    </BreakPoints>
    <Exceptions Count="3">
      <Item1>
        <Name Value="EAbort"/>
      </Item1>
      <Item2>
        <Name Value="ECodetoolError"/>
      </Item2>
      <Item3>
        <Name Value="EFOpenError"/>
      </Item3>
    </Exceptions>
  </Debugging>
</CONFIG>
